
Microsoft Visual Studio Solution File, Format Version 12.00
# Visual Studio Version 17
VisualStudioVersion = 17.7.34202.233
MinimumVisualStudioVersion = 10.0.40219.1
Project("{FAE04EC0-301F-11D3-BF4B-00C04F79EFBC}") = "BusinessObject", "BusinessObject\BusinessObject.csproj", "{6CE7E0F0-C52F-44BC-8F00-13546017C16C}"
EndProject
Project("{FAE04EC0-301F-11D3-BF4B-00C04F79EFBC}") = "DataAccess", "DataAccess\DataAccess.csproj", "{4A73FE0C-8F35-4E5B-B31F-6FA999CD983C}"
EndProject
Project("{FAE04EC0-301F-11D3-BF4B-00C04F79EFBC}") = "PE.Api", "PE.Api\PE.Api.csproj", "{CFF5D0F8-7A96-4687-8D90-FFB612915837}"
EndProject
Project("{FAE04EC0-301F-11D3-BF4B-00C04F79EFBC}") = "PE.Client", "PE.Client\PE.Client.csproj", "{CD4699F7-7198-4703-A989-1AB8003E0CCB}"
EndProject
Global
	GlobalSection(SolutionConfigurationPlatforms) = preSolution
		Debug|Any CPU = Debug|Any CPU
		Release|Any CPU = Release|Any CPU
	EndGlobalSection
	GlobalSection(ProjectConfigurationPlatforms) = postSolution
		{6CE7E0F0-C52F-44BC-8F00-13546017C16C}.Debug|Any CPU.ActiveCfg = Debug|Any CPU
		{6CE7E0F0-C52F-44BC-8F00-13546017C16C}.Debug|Any CPU.Build.0 = Debug|Any CPU
		{6CE7E0F0-C52F-44BC-8F00-13546017C16C}.Release|Any CPU.ActiveCfg = Release|Any CPU
		{6CE7E0F0-C52F-44BC-8F00-13546017C16C}.Release|Any CPU.Build.0 = Release|Any CPU
		{4A73FE0C-8F35-4E5B-B31F-6FA999CD983C}.Debug|Any CPU.ActiveCfg = Debug|Any CPU
		{4A73FE0C-8F35-4E5B-B31F-6FA999CD983C}.Debug|Any CPU.Build.0 = Debug|Any CPU
		{4A73FE0C-8F35-4E5B-B31F-6FA999CD983C}.Release|Any CPU.ActiveCfg = Release|Any CPU
		{4A73FE0C-8F35-4E5B-B31F-6FA999CD983C}.Release|Any CPU.Build.0 = Release|Any CPU
		{CFF5D0F8-7A96-4687-8D90-FFB612915837}.Debug|Any CPU.ActiveCfg = Debug|Any CPU
		{CFF5D0F8-7A96-4687-8D90-FFB612915837}.Debug|Any CPU.Build.0 = Debug|Any CPU
		{CFF5D0F8-7A96-4687-8D90-FFB612915837}.Release|Any CPU.ActiveCfg = Release|Any CPU
		{CFF5D0F8-7A96-4687-8D90-FFB612915837}.Release|Any CPU.Build.0 = Release|Any CPU
		{CD4699F7-7198-4703-A989-1AB8003E0CCB}.Debug|Any CPU.ActiveCfg = Debug|Any CPU
		{CD4699F7-7198-4703-A989-1AB8003E0CCB}.Debug|Any CPU.Build.0 = Debug|Any CPU
		{CD4699F7-7198-4703-A989-1AB8003E0CCB}.Release|Any CPU.ActiveCfg = Release|Any CPU
		{CD4699F7-7198-4703-A989-1AB8003E0CCB}.Release|Any CPU.Build.0 = Release|Any CPU
	EndGlobalSection
	GlobalSection(SolutionProperties) = preSolution
		HideSolutionNode = FALSE
	EndGlobalSection
	GlobalSection(ExtensibilityGlobals) = postSolution
		SolutionGuid = {7D764487-7017-4E5F-8FE4-125F85406DB9}
	EndGlobalSection
EndGlobal
